
Microsoft Visual Studio Solution File, Format Version 12.00
# Visual Studio Version 17
VisualStudioVersion = 17.5.33424.131
MinimumVisualStudioVersion = 10.0.40219.1
Project("{8BC9CEB8-8B4A-11D0-8D11-00A0C91BC942}") = "client", "client\client.vcxproj", "{0BB84865-CAC2-45DC-ABC4-B0A7F41E54A4}"
EndProject
Project("{8BC9CEB8-8B4A-11D0-8D11-00A0C91BC942}") = "server", "server\server.vcxproj", "{64A889BA-A8E4-4DF9-914A-0137D1323738}"
EndProject
Global
	GlobalSection(SolutionConfigurationPlatforms) = preSolution
		Debug|x64 = Debug|x64
		Debug|x86 = Debug|x86
		Release|x64 = Release|x64
		Release|x86 = Release|x86
	EndGlobalSection
	GlobalSection(ProjectConfigurationPlatforms) = postSolution
		{0BB84865-CAC2-45DC-ABC4-B0A7F41E54A4}.Debug|x64.ActiveCfg = Debug|x64
		{0BB84865-CAC2-45DC-ABC4-B0A7F41E54A4}.Debug|x64.Build.0 = Debug|x64
		{0BB84865-CAC2-45DC-ABC4-B0A7F41E54A4}.Debug|x86.ActiveCfg = Debug|Win32
		{0BB84865-CAC2-45DC-ABC4-B0A7F41E54A4}.Debug|x86.Build.0 = Debug|Win32
		{0BB84865-CAC2-45DC-ABC4-B0A7F41E54A4}.Release|x64.ActiveCfg = Release|x64
		{0BB84865-CAC2-45DC-ABC4-B0A7F41E54A4}.Release|x64.Build.0 = Release|x64
		{0BB84865-CAC2-45DC-ABC4-B0A7F41E54A4}.Release|x86.ActiveCfg = Release|Win32
		{0BB84865-CAC2-45DC-ABC4-B0A7F41E54A4}.Release|x86.Build.0 = Release|Win32
		{64A889BA-A8E4-4DF9-914A-0137D1323738}.Debug|x64.ActiveCfg = Debug|x64
		{64A889BA-A8E4-4DF9-914A-0137D1323738}.Debug|x64.Build.0 = Debug|x64
		{64A889BA-A8E4-4DF9-914A-0137D1323738}.Debug|x86.ActiveCfg = Debug|Win32
		{64A889BA-A8E4-4DF9-914A-0137D1323738}.Debug|x86.Build.0 = Debug|Win32
		{64A889BA-A8E4-4DF9-914A-0137D1323738}.Release|x64.ActiveCfg = Release|x64
		{64A889BA-A8E4-4DF9-914A-0137D1323738}.Release|x64.Build.0 = Release|x64
		{64A889BA-A8E4-4DF9-914A-0137D1323738}.Release|x86.ActiveCfg = Release|Win32
		{64A889BA-A8E4-4DF9-914A-0137D1323738}.Release|x86.Build.0 = Release|Win32
	EndGlobalSection
	GlobalSection(SolutionProperties) = preSolution
		HideSolutionNode = FALSE
	EndGlobalSection
	GlobalSection(ExtensibilityGlobals) = postSolution
		SolutionGuid = {D010AF21-9EE2-4584-9091-3A44761E5D56}
	EndGlobalSection
EndGlobal
